dependencies:
  espressif/cmake_utilities:
    component_hash: 05165f30922b422b4b90c08845e6d449329b97370fbd06309803d8cb539d79e3
    dependencies:
    - name: idf
      require: private
      version: '>=4.1'
    source:
      registry_url: https://components.espressif.com
      type: service
    version: 1.1.1
  espressif/iot_usbh_cdc:
    component_hash: 3cd0f9f63fba11ac2903b61d0497f19a39f2f0286e58e9d73286ea8edd0fade9
    dependencies:
    - name: espressif/cmake_utilities
      registry_url: https://components.espressif.com
      require: private
      version: '*'
    - name: idf
      require: private
      version: '>=4.4.1'
    source:
      registry_url: https://components.espressif.com/
      type: service
    targets:
    - esp32s2
    - esp32s3
    - esp32p4
    version: 2.0.1
  idf:
    source:
      type: idf
    version: 5.5.0
direct_dependencies:
- espressif/iot_usbh_cdc
- idf
manifest_hash: 7ddbe49cd62e6c50ecf46bed8f804ec970ac3c910e3d241c1769130cf10ade36
target: esp32s3
version: 2.0.0
